
Microsoft Visual Studio Solution File, Format Version 12.00
# Visual Studio Version 16
VisualStudioVersion = 16.0.30804.86
MinimumVisualStudioVersion = 10.0.40219.1
Project("{FAE04EC0-301F-11D3-BF4B-00C04F79EFBC}") = "Homework_01", "Homework_01\Homework_01.csproj", "{BEEC2586-B4C1-4089-BB9B-D2BA4C5AD39A}"
EndProject
Global
	GlobalSection(SolutionConfigurationPlatforms) = preSolution
		Debug|Any CPU = Debug|Any CPU
		Release|Any CPU = Release|Any CPU
	EndGlobalSection
	GlobalSection(ProjectConfigurationPlatforms) = postSolution
		{BEEC2586-B4C1-4089-BB9B-D2BA4C5AD39A}.Debug|Any CPU.ActiveCfg = Debug|Any CPU
		{BEEC2586-B4C1-4089-BB9B-D2BA4C5AD39A}.Debug|Any CPU.Build.0 = Debug|Any CPU
		{BEEC2586-B4C1-4089-BB9B-D2BA4C5AD39A}.Release|Any CPU.ActiveCfg = Release|Any CPU
		{BEEC2586-B4C1-4089-BB9B-D2BA4C5AD39A}.Release|Any CPU.Build.0 = Release|Any CPU
	EndGlobalSection
	GlobalSection(SolutionProperties) = preSolution
		HideSolutionNode = FALSE
	EndGlobalSection
	GlobalSection(ExtensibilityGlobals) = postSolution
		SolutionGuid = {62B21A73-CBE3-4407-BEE2-0D23B1D4E933}
	EndGlobalSection
EndGlobal
